
Microsoft Visual Studio Solution File, Format Version 12.00
# Visual Studio Version 17
VisualStudioVersion = 17.4.33205.214
MinimumVisualStudioVersion = 10.0.40219.1
Project("{2150E333-8FDC-42A3-9474-1A3956D46DE8}") = "FrontEnd", "FrontEnd", "{2DBAB31F-1E7C-4023-803B-D4DA736C4FD5}"
EndProject
Project("{2150E333-8FDC-42A3-9474-1A3956D46DE8}") = "Services", "Services", "{B86867AA-8979-4C03-817B-8682F5CDD178}"
EndProject
Project("{9A19103F-16F7-4668-BE54-9A1E7A4F7556}") = "GeekShopping.Web", "GeekShopping.Web\GeekShopping.Web.csproj", "{09A5DADF-836E-48EB-B642-9E8E6513F8BD}"
EndProject
Project("{9A19103F-16F7-4668-BE54-9A1E7A4F7556}") = "GeekShopping.ProductAPI", "GeekShopping.ProductAPI\GeekShopping.ProductAPI.csproj", "{3B4795F0-F766-46C7-A369-AB7325C16EFA}"
EndProject
Project("{9A19103F-16F7-4668-BE54-9A1E7A4F7556}") = "GeekShopping.IdentityServer", "GeekShopping.IdentityServer\GeekShopping.IdentityServer.csproj", "{CDAAAB5A-EE4F-4098-88ED-071A67755DA1}"
EndProject
Project("{9A19103F-16F7-4668-BE54-9A1E7A4F7556}") = "GeekShopping.CartAPI", "GeekShopping.CartAPI\GeekShopping.CartAPI.csproj", "{E7F9FAEA-555D-44C4-AE88-C109032E7D93}"
EndProject
Project("{9A19103F-16F7-4668-BE54-9A1E7A4F7556}") = "GeekShopping.CouponAPI", "GeekShopping.CouponAPI\GeekShopping.CouponAPI.csproj", "{6FEFA130-C8AC-45FE-B552-68B746FA2A4C}"
EndProject
Project("{2150E333-8FDC-42A3-9474-1A3956D46DE8}") = "Integration", "Integration", "{14E744A0-FDA7-46A9-886D-21EA110C2088}"
EndProject
Project("{FAE04EC0-301F-11D3-BF4B-00C04F79EFBC}") = "GeekShopping.MessageBus", "GeekShopping.MessageBus\GeekShopping.MessageBus.csproj", "{B3C291C6-E556-450D-BD14-E20CD4146A42}"
EndProject
Project("{FAE04EC0-301F-11D3-BF4B-00C04F79EFBC}") = "GeekShopping.OrderAPI", "GeekShopping.OrderAPI\GeekShopping.OrderAPI.csproj", "{41335ADB-BE32-4FEC-A59A-6C87FA70F714}"
EndProject
Global
	GlobalSection(SolutionConfigurationPlatforms) = preSolution
		Debug|Any CPU = Debug|Any CPU
		Release|Any CPU = Release|Any CPU
	EndGlobalSection
	GlobalSection(ProjectConfigurationPlatforms) = postSolution
		{09A5DADF-836E-48EB-B642-9E8E6513F8BD}.Debug|Any CPU.ActiveCfg = Debug|Any CPU
		{09A5DADF-836E-48EB-B642-9E8E6513F8BD}.Debug|Any CPU.Build.0 = Debug|Any CPU
		{09A5DADF-836E-48EB-B642-9E8E6513F8BD}.Release|Any CPU.ActiveCfg = Release|Any CPU
		{09A5DADF-836E-48EB-B642-9E8E6513F8BD}.Release|Any CPU.Build.0 = Release|Any CPU
		{3B4795F0-F766-46C7-A369-AB7325C16EFA}.Debug|Any CPU.ActiveCfg = Debug|Any CPU
		{3B4795F0-F766-46C7-A369-AB7325C16EFA}.Debug|Any CPU.Build.0 = Debug|Any CPU
		{3B4795F0-F766-46C7-A369-AB7325C16EFA}.Release|Any CPU.ActiveCfg = Release|Any CPU
		{3B4795F0-F766-46C7-A369-AB7325C16EFA}.Release|Any CPU.Build.0 = Release|Any CPU
		{CDAAAB5A-EE4F-4098-88ED-071A67755DA1}.Debug|Any CPU.ActiveCfg = Debug|Any CPU
		{CDAAAB5A-EE4F-4098-88ED-071A67755DA1}.Debug|Any CPU.Build.0 = Debug|Any CPU
		{CDAAAB5A-EE4F-4098-88ED-071A67755DA1}.Release|Any CPU.ActiveCfg = Release|Any CPU
		{CDAAAB5A-EE4F-4098-88ED-071A67755DA1}.Release|Any CPU.Build.0 = Release|Any CPU
		{E7F9FAEA-555D-44C4-AE88-C109032E7D93}.Debug|Any CPU.ActiveCfg = Debug|Any CPU
		{E7F9FAEA-555D-44C4-AE88-C109032E7D93}.Debug|Any CPU.Build.0 = Debug|Any CPU
		{E7F9FAEA-555D-44C4-AE88-C109032E7D93}.Release|Any CPU.ActiveCfg = Release|Any CPU
		{E7F9FAEA-555D-44C4-AE88-C109032E7D93}.Release|Any CPU.Build.0 = Release|Any CPU
		{6FEFA130-C8AC-45FE-B552-68B746FA2A4C}.Debug|Any CPU.ActiveCfg = Debug|Any CPU
		{6FEFA130-C8AC-45FE-B552-68B746FA2A4C}.Debug|Any CPU.Build.0 = Debug|Any CPU
		{6FEFA130-C8AC-45FE-B552-68B746FA2A4C}.Release|Any CPU.ActiveCfg = Release|Any CPU
		{6FEFA130-C8AC-45FE-B552-68B746FA2A4C}.Release|Any CPU.Build.0 = Release|Any CPU
		{B3C291C6-E556-450D-BD14-E20CD4146A42}.Debug|Any CPU.ActiveCfg = Debug|Any CPU
		{B3C291C6-E556-450D-BD14-E20CD4146A42}.Debug|Any CPU.Build.0 = Debug|Any CPU
		{B3C291C6-E556-450D-BD14-E20CD4146A42}.Release|Any CPU.ActiveCfg = Release|Any CPU
		{B3C291C6-E556-450D-BD14-E20CD4146A42}.Release|Any CPU.Build.0 = Release|Any CPU
		{41335ADB-BE32-4FEC-A59A-6C87FA70F714}.Debug|Any CPU.ActiveCfg = Debug|Any CPU
		{41335ADB-BE32-4FEC-A59A-6C87FA70F714}.Debug|Any CPU.Build.0 = Debug|Any CPU
		{41335ADB-BE32-4FEC-A59A-6C87FA70F714}.Release|Any CPU.ActiveCfg = Release|Any CPU
		{41335ADB-BE32-4FEC-A59A-6C87FA70F714}.Release|Any CPU.Build.0 = Release|Any CPU
	EndGlobalSection
	GlobalSection(SolutionProperties) = preSolution
		HideSolutionNode = FALSE
	EndGlobalSection
	GlobalSection(NestedProjects) = preSolution
		{09A5DADF-836E-48EB-B642-9E8E6513F8BD} = {2DBAB31F-1E7C-4023-803B-D4DA736C4FD5}
		{3B4795F0-F766-46C7-A369-AB7325C16EFA} = {B86867AA-8979-4C03-817B-8682F5CDD178}
		{CDAAAB5A-EE4F-4098-88ED-071A67755DA1} = {B86867AA-8979-4C03-817B-8682F5CDD178}
		{E7F9FAEA-555D-44C4-AE88-C109032E7D93} = {B86867AA-8979-4C03-817B-8682F5CDD178}
		{6FEFA130-C8AC-45FE-B552-68B746FA2A4C} = {B86867AA-8979-4C03-817B-8682F5CDD178}
		{B3C291C6-E556-450D-BD14-E20CD4146A42} = {14E744A0-FDA7-46A9-886D-21EA110C2088}
		{41335ADB-BE32-4FEC-A59A-6C87FA70F714} = {B86867AA-8979-4C03-817B-8682F5CDD178}
	EndGlobalSection
	GlobalSection(ExtensibilityGlobals) = postSolution
		SolutionGuid = {913BB9C6-5C65-4B49-B984-D0D9950C196E}
	EndGlobalSection
EndGlobal
